
Microsoft Visual Studio Solution File, Format Version 12.00
# Visual Studio 15
VisualStudioVersion = 15.0.27428.2037
MinimumVisualStudioVersion = 10.0.40219.1
Project("{9A19103F-16F7-4668-BE54-9A1E7A4F7556}") = "AsyncAwaitExamples", "AsyncAwaitExamples\AsyncAwaitExamples.csproj", "{E7B205CB-D7CE-47AE-B5BF-86FC77A0FE0B}"
EndProject
Project("{FAE04EC0-301F-11D3-BF4B-00C04F79EFBC}") = "SampleWPFApp", "SampleWPFApp\SampleWPFApp.csproj", "{A066AB04-7819-41CC-8BCB-0F06BB1F1D51}"
EndProject
Project("{FAE04EC0-301F-11D3-BF4B-00C04F79EFBC}") = "UnitTests", "UnitTests\UnitTests.csproj", "{3F934BA9-59C8-4C3A-9FCA-0E8020F123F1}"
EndProject
Global
	GlobalSection(SolutionConfigurationPlatforms) = preSolution
		Debug|Any CPU = Debug|Any CPU
		Release|Any CPU = Release|Any CPU
	EndGlobalSection
	GlobalSection(ProjectConfigurationPlatforms) = postSolution
		{E7B205CB-D7CE-47AE-B5BF-86FC77A0FE0B}.Debug|Any CPU.ActiveCfg = Debug|Any CPU
		{E7B205CB-D7CE-47AE-B5BF-86FC77A0FE0B}.Debug|Any CPU.Build.0 = Debug|Any CPU
		{E7B205CB-D7CE-47AE-B5BF-86FC77A0FE0B}.Release|Any CPU.ActiveCfg = Release|Any CPU
		{E7B205CB-D7CE-47AE-B5BF-86FC77A0FE0B}.Release|Any CPU.Build.0 = Release|Any CPU
		{A066AB04-7819-41CC-8BCB-0F06BB1F1D51}.Debug|Any CPU.ActiveCfg = Debug|Any CPU
		{A066AB04-7819-41CC-8BCB-0F06BB1F1D51}.Debug|Any CPU.Build.0 = Debug|Any CPU
		{A066AB04-7819-41CC-8BCB-0F06BB1F1D51}.Release|Any CPU.ActiveCfg = Release|Any CPU
		{A066AB04-7819-41CC-8BCB-0F06BB1F1D51}.Release|Any CPU.Build.0 = Release|Any CPU
		{3F934BA9-59C8-4C3A-9FCA-0E8020F123F1}.Debug|Any CPU.ActiveCfg = Debug|Any CPU
		{3F934BA9-59C8-4C3A-9FCA-0E8020F123F1}.Debug|Any CPU.Build.0 = Debug|Any CPU
		{3F934BA9-59C8-4C3A-9FCA-0E8020F123F1}.Release|Any CPU.ActiveCfg = Release|Any CPU
		{3F934BA9-59C8-4C3A-9FCA-0E8020F123F1}.Release|Any CPU.Build.0 = Release|Any CPU
	EndGlobalSection
	GlobalSection(SolutionProperties) = preSolution
		HideSolutionNode = FALSE
	EndGlobalSection
	GlobalSection(ExtensibilityGlobals) = postSolution
		SolutionGuid = {03D59B49-BCA4-4B64-9766-7618DEA4B7A5}
	EndGlobalSection
EndGlobal
